// !$*UTF8*$!
{
	archiveVersion = 1;
	classes = {
	};
	objectVersion = 50;
	objects = {

/* Begin PBXBuildFile section */
		1A62C01B2597D793005EB9F2 /* Xcode_TesterApp.swift in Sources */ = {isa = PBXBuildFile; fileRef = 1A62C01A2597D793005EB9F2 /* Xcode_TesterApp.swift */; };
		1A62C01D2597D793005EB9F2 /* ContentView.swift in Sources */ = {isa = PBXBuildFile; fileRef = 1A62C01C2597D793005EB9F2 /* ContentView.swift */; };
		1A62C01F2597D794005EB9F2 /* Assets.xcassets in Resources */ = {isa = PBXBuildFile; fileRef = 1A62C01E2597D794005EB9F2 /* Assets.xcassets */; };
		1A62C0222597D794005EB9F2 /* Preview Assets.xcassets in Resources */ = {isa = PBXBuildFile; fileRef = 1A62C0212597D794005EB9F2 /* Preview Assets.xcassets */; };
		1A62C02D2597D794005EB9F2 /* Xcode_TesterTests.swift in Sources */ = {isa = PBXBuildFile; fileRef = 1A62C02C2597D794005EB9F2 /* Xcode_TesterTests.swift */; };
		1A62C0382597D794005EB9F2 /* Xcode_TesterUITests.swift in Sources */ = {isa = PBXBuildFile; fileRef = 1A62C0372597D794005EB9F2 /* Xcode_TesterUITests.swift */; };
/* End PBXBuildFile section */

/* Begin PBXContainerItemProxy section */
		1A62C0292597D794005EB9F2 /* PBXContainerItemProxy */ = {
			isa = PBXContainerItemProxy;
			containerPortal = 1A62C00F2597D793005EB9F2 /* Project object */;
			proxyType = 1;
			remoteGlobalIDString = 1A62C0162597D793005EB9F2;
			remoteInfo = "Xcode Tester";
		};
		1A62C0342597D794005EB9F2 /* PBXContainerItemProxy */ = {
			isa = PBXContainerItemProxy;
			containerPortal = 1A62C00F2597D793005EB9F2 /* Project object */;
			proxyType = 1;
			remoteGlobalIDString = 1A62C0162597D793005EB9F2;
			remoteInfo = "Xcode Tester";
		};
/* End PBXContainerItemProxy section */

/* Begin PBXFileReference section */
		1A62C0172597D793005EB9F2 /* Xcode Tester.app */ = {isa = PBXFileReference; explicitFileType = wrapper.application; includeInIndex = 0; path = "Xcode Tester.app"; sourceTree = BUILT_PRODUCTS_DIR; };
		1A62C01A2597D793005EB9F2 /* Xcode_TesterApp.swift */ = {isa = PBXFileReference; lastKnownFileType = sourcecode.swift; path = Xcode_TesterApp.swift; sourceTree = "<group>"; };
		1A62C01C2597D793005EB9F2 /* ContentView.swift */ = {isa = PBXFileReference; lastKnownFileType = sourcecode.swift; path = ContentView.swift; sourceTree = "<group>"; };
		1A62C01E2597D794005EB9F2 /* Assets.xcassets */ = {isa = PBXFileReference; lastKnownFileType = folder.assetcatalog; path = Assets.xcassets; sourceTree = "<group>"; };
		1A62C0212597D794005EB9F2 /* Preview Assets.xcassets */ = {isa = PBXFileReference; lastKnownFileType = folder.assetcatalog; path = "Preview Assets.xcassets"; sourceTree = "<group>"; };
		1A62C0232597D794005EB9F2 /* Info.plist */ = {isa = PBXFileReference; lastKnownFileType = text.plist.xml; path = Info.plist; sourceTree = "<group>"; };
		1A62C0282597D794005EB9F2 /* Xcode TesterTests.xctest */ = {isa = PBXFileReference; explicitFileType = wrapper.cfbundle; includeInIndex = 0; path = "Xcode TesterTests.xctest"; sourceTree = BUILT_PRODUCTS_DIR; };
		1A62C02C2597D794005EB9F2 /* Xcode_TesterTests.swift */ = {isa = PBXFileReference; lastKnownFileType = sourcecode.swift; path = Xcode_TesterTests.swift; sourceTree = "<group>"; };
		1A62C02E2597D794005EB9F2 /* Info.plist */ = {isa = PBXFileReference; lastKnownFileType = text.plist.xml; path = Info.plist; sourceTree = "<group>"; };
		1A62C0332597D794005EB9F2 /* Xcode TesterUITests.xctest */ = {isa = PBXFileReference; explicitFileType = wrapper.cfbundle; includeInIndex = 0; path = "Xcode TesterUITests.xctest"; sourceTree = BUILT_PRODUCTS_DIR; };
		1A62C0372597D794005EB9F2 /* Xcode_TesterUITests.swift */ = {isa = PBXFileReference; lastKnownFileType = sourcecode.swift; path = Xcode_TesterUITests.swift; sourceTree = "<group>"; };
		1A62C0392597D794005EB9F2 /* Info.plist */ = {isa = PBXFileReference; lastKnownFileType = text.plist.xml; path = Info.plist; sourceTree = "<group>"; };
/* End PBXFileReference section */

/* Begin PBXFrameworksBuildPhase section */
		1A62C0142597D793005EB9F2 /* Frameworks */ = {
			isa = PBXFrameworksBuildPhase;
			buildActionMask = 2147483647;
			files = (
			);
			runOnlyForDeploymentPostprocessing = 0;
		};
		1A62C0252597D794005EB9F2 /* Frameworks */ = {
			isa = PBXFrameworksBuildPhase;
			buildActionMask = 2147483647;
			files = (
			);
			runOnlyForDeploymentPostprocessing = 0;
		};
		1A62C0302597D794005EB9F2 /* Frameworks */ = {
			isa = PBXFrameworksBuildPhase;
			buildActionMask = 2147483647;
			files = (
			);
			runOnlyForDeploymentPostprocessing = 0;
		};
/* End PBXFrameworksBuildPhase section */

/* Begin PBXGroup section */
		1A62C00E2597D793005EB9F2 = {
			isa = PBXGroup;
			children = (
				1A62C0192597D793005EB9F2 /* Xcode Tester */,
				1A62C02B2597D794005EB9F2 /* Xcode TesterTests */,
				1A62C0362597D794005EB9F2 /* Xcode TesterUITests */,
				1A62C0182597D793005EB9F2 /* Products */,
			);
			sourceTree = "<group>";
		};
		1A62C0182597D793005EB9F2 /* Products */ = {
			isa = PBXGroup;
			children = (
				1A62C0172597D793005EB9F2 /* Xcode Tester.app */,
				1A62C0282597D794005EB9F2 /* Xcode TesterTests.xctest */,
				1A62C0332597D794005EB9F2 /* Xcode TesterUITests.xctest */,
			);
			name = Products;
			sourceTree = "<group>";
		};
		1A62C0192597D793005EB9F2 /* Xcode Tester */ = {
			isa = PBXGroup;
			children = (
				1A62C01A2597D793005EB9F2 /* Xcode_TesterApp.swift */,
				1A62C01C2597D793005EB9F2 /* ContentView.swift */,
				1A62C01E2597D794005EB9F2 /* Assets.xcassets */,
				1A62C0232597D794005EB9F2 /* Info.plist */,
				1A62C0202597D794005EB9F2 /* Preview Content */,
			);
			path = "Xcode Tester";
			sourceTree = "<group>";
		};
		1A62C0202597D794005EB9F2 /* Preview Content */ = {
			isa = PBXGroup;
			children = (
				1A62C0212597D794005EB9F2 /* Preview Assets.xcassets */,
			);
			path = "Preview Content";
			sourceTree = "<group>";
		};
		1A62C02B2597D794005EB9F2 /* Xcode TesterTests */ = {
			isa = PBXGroup;
			children = (
				1A62C02C2597D794005EB9F2 /* Xcode_TesterTests.swift */,
				1A62C02E2597D794005EB9F2 /* Info.plist */,
			);
			path = "Xcode TesterTests";
			sourceTree = "<group>";
		};
		1A62C0362597D794005EB9F2 /* Xcode TesterUITests */ = {
			isa = PBXGroup;
			children = (
				1A62C0372597D794005EB9F2 /* Xcode_TesterUITests.swift */,
				1A62C0392597D794005EB9F2 /* Info.plist */,
			);
			path = "Xcode TesterUITests";
			sourceTree = "<group>";
		};
/* End PBXGroup section */

/* Begin PBXNativeTarget section */
		1A62C0162597D793005EB9F2 /* Xcode Tester */ = {
			isa = PBXNativeTarget;
			buildConfigurationList = 1A62C03C2597D794005EB9F2 /* Build configuration list for PBXNativeTarget "Xcode Tester" */;
			buildPhases = (
				1A62C0132597D793005EB9F2 /* Sources */,
				1A62C0142597D793005EB9F2 /* Frameworks */,
				1A62C0152597D793005EB9F2 /* Resources */,
			);
			buildRules = (
			);
			dependencies = (
			);
			name = "Xcode Tester";
			productName = "Xcode Tester";
			productReference = 1A62C0172597D793005EB9F2 /* Xcode Tester.app */;
			productType = "com.apple.product-type.application";
		};
		1A62C0272597D794005EB9F2 /* Xcode TesterTests */ = {
			isa = PBXNativeTarget;
			buildConfigurationList = 1A62C03F2597D794005EB9F2 /* Build configuration list for PBXNativeTarget "Xcode TesterTests" */;
			buildPhases = (
				1A62C0242597D794005EB9F2 /* Sources */,
				1A62C0252597D794005EB9F2 /* Frameworks */,
				1A62C0262597D794005EB9F2 /* Resources */,
			);
			buildRules = (
			);
			dependencies = (
				1A62C02A2597D794005EB9F2 /* PBXTargetDependency */,
			);
			name = "Xcode TesterTests";
			productName = "Xcode TesterTests";
			productReference = 1A62C0282597D794005EB9F2 /* Xcode TesterTests.xctest */;
			productType = "com.apple.product-type.bundle.unit-test";
		};
		1A62C0322597D794005EB9F2 /* Xcode TesterUITests */ = {
			isa = PBXNativeTarget;
			buildConfigurationList = 1A62C0422597D794005EB9F2 /* Build configuration list for PBXNativeTarget "Xcode TesterUITests" */;
			buildPhases = (
				1A62C02F2597D794005EB9F2 /* Sources */,
				1A62C0302597D794005EB9F2 /* Frameworks */,
				1A62C0312597D794005EB9F2 /* Resources */,
			);
			buildRules = (
			);
			dependencies = (
				1A62C0352597D794005EB9F2 /* PBXTargetDependency */,
			);
			name = "Xcode TesterUITests";
			productName = "Xcode TesterUITests";
			productReference = 1A62C0332597D794005EB9F2 /* Xcode TesterUITests.xctest */;
			productType = "com.apple.product-type.bundle.ui-testing";
		};
/* End PBXNativeTarget section */

/* Begin PBXProject section */
		1A62C00F2597D793005EB9F2 /* Project object */ = {
			isa = PBXProject;
			attributes = {
				LastSwiftUpdateCheck = 1230;
				LastUpgradeCheck = 1230;
				TargetAttributes = {
					1A62C0162597D793005EB9F2 = {
						CreatedOnToolsVersion = 12.3;
					};
					1A62C0272597D794005EB9F2 = {
						CreatedOnToolsVersion = 12.3;
						TestTargetID = 1A62C0162597D793005EB9F2;
					};
					1A62C0322597D794005EB9F2 = {
						CreatedOnToolsVersion = 12.3;
						TestTargetID = 1A62C0162597D793005EB9F2;
					};
				};
			};
			buildConfigurationList = 1A62C0122597D793005EB9F2 /* Build configuration list for PBXProject "Xcode Tester" */;
			compatibilityVersion = "Xcode 9.3";
			developmentRegion = en;
			hasScannedForEncodings = 0;
			knownRegions = (
				en,
				Base,
			);
			mainGroup = 1A62C00E2597D793005EB9F2;
			productRefGroup = 1A62C0182597D793005EB9F2 /* Products */;
			projectDirPath = "";
			projectRoot = "";
			targets = (
				1A62C0162597D793005EB9F2 /* Xcode Tester */,
				1A62C0272597D794005EB9F2 /* Xcode TesterTests */,
				1A62C0322597D794005EB9F2 /* Xcode TesterUITests */,
			);
		};
/* End PBXProject section */

/* Begin PBXResourcesBuildPhase section */
		1A62C0152597D793005EB9F2 /* Resources */ = {
			isa = PBXResourcesBuildPhase;
			buildActionMask = 2147483647;
			files = (
				1A62C0222597D794005EB9F2 /* Preview Assets.xcassets in Resources */,
				1A62C01F2597D794005EB9F2 /* Assets.xcassets in Resources */,
			);
			runOnlyForDeploymentPostprocessing = 0;
		};
		1A62C0262597D794005EB9F2 /* Resources */ = {
			isa = PBXResourcesBuildPhase;
			buildActionMask = 2147483647;
			files = (
			);
			runOnlyForDeploymentPostprocessing = 0;
		};
		1A62C0312597D794005EB9F2 /* Resources */ = {
			isa = PBXResourcesBuildPhase;
			buildActionMask = 2147483647;
			files = (
			);
			runOnlyForDeploymentPostprocessing = 0;
		};
/* End PBXResourcesBuildPhase section */

/* Begin PBXSourcesBuildPhase section */
		1A62C0132597D793005EB9F2 /* Sources */ = {
			isa = PBXSourcesBuildPhase;
			buildActionMask = 2147483647;
			files = (
				1A62C01D2597D793005EB9F2 /* ContentView.swift in Sources */,
				1A62C01B2597D793005EB9F2 /* Xcode_TesterApp.swift in Sources */,
			);
			runOnlyForDeploymentPostprocessing = 0;
		};
		1A62C0242597D794005EB9F2 /* Sources */ = {
			isa = PBXSourcesBuildPhase;
			buildActionMask = 2147483647;
			files = (
				1A62C02D2597D794005EB9F2 /* Xcode_TesterTests.swift in Sources */,
			);
			runOnlyForDeploymentPostprocessing = 0;
		};
		1A62C02F2597D794005EB9F2 /* Sources */ = {
			isa = PBXSourcesBuildPhase;
			buildActionMask = 2147483647;
			files = (
				1A62C0382597D794005EB9F2 /* Xcode_TesterUITests.swift in Sources */,
			);
			runOnlyForDeploymentPostprocessing = 0;
		};
/* End PBXSourcesBuildPhase section */

/* Begin PBXTargetDependency section */
		1A62C02A2597D794005EB9F2 /* PBXTargetDependency */ = {
			isa = PBXTargetDependency;
			target = 1A62C0162597D793005EB9F2 /* Xcode Tester */;
			targetProxy = 1A62C0292597D794005EB9F2 /* PBXContainerItemProxy */;
		};
		1A62C0352597D794005EB9F2 /* PBXTargetDependency */ = {
			isa = PBXTargetDependency;
			target = 1A62C0162597D793005EB9F2 /* Xcode Tester */;
			targetProxy = 1A62C0342597D794005EB9F2 /* PBXContainerItemProxy */;
		};
/* End PBXTargetDependency section */

/* Begin XCBuildConfiguration section */
		1A62C03A2597D794005EB9F2 /* Debug */ = {
			isa = XCBuildConfiguration;
			buildSettings = {
				ALWAYS_SEARCH_USER_PATHS = NO;
				CLANG_ANALYZER_NONNULL = YES;
				CLANG_ANALYZER_NUMBER_OBJECT_CONVERSION = YES_AGGRESSIVE;
				CLANG_CXX_LANGUAGE_STANDARD = "gnu++14";
				CLANG_CXX_LIBRARY = "libc++";
				CLANG_ENABLE_MODULES = YES;
				CLANG_ENABLE_OBJC_ARC = YES;
				CLANG_ENABLE_OBJC_WEAK = YES;
				CLANG_WARN_BLOCK_CAPTURE_AUTORELEASING = YES;
				CLANG_WARN_BOOL_CONVERSION = YES;
				CLANG_WARN_COMMA = YES;
				CLANG_WARN_CONSTANT_CONVERSION = YES;
				CLANG_WARN_DEPRECATED_OBJC_IMPLEMENTATIONS = YES;
				CLANG_WARN_DIRECT_OBJC_ISA_USAGE = YES_ERROR;
				CLANG_WARN_DOCUMENTATION_COMMENTS = YES;
				CLANG_WARN_EMPTY_BODY = YES;
				CLANG_WARN_ENUM_CONVERSION = YES;
				CLANG_WARN_INFINITE_RECURSION = YES;
				CLANG_WARN_INT_CONVERSION = YES;
				CLANG_WARN_NON_LITERAL_NULL_CONVERSION = YES;
				CLANG_WARN_OBJC_IMPLICIT_RETAIN_SELF = YES;
				CLANG_WARN_OBJC_LITERAL_CONVERSION = YES;
				CLANG_WARN_OBJC_ROOT_CLASS = YES_ERROR;
				CLANG_WARN_QUOTED_INCLUDE_IN_FRAMEWORK_HEADER = YES;
				CLANG_WARN_RANGE_LOOP_ANALYSIS = YES;
				CLANG_WARN_STRICT_PROTOTYPES = YES;
				CLANG_WARN_SUSPICIOUS_MOVE = YES;
				CLANG_WARN_UNGUARDED_AVAILABILITY = YES_AGGRESSIVE;
				CLANG_WARN_UNREACHABLE_CODE = YES;
				CLANG_WARN__DUPLICATE_METHOD_MATCH = YES;
				COPY_PHASE_STRIP = NO;
				DEBUG_INFORMATION_FORMAT = dwarf;
				ENABLE_STRICT_OBJC_MSGSEND = YES;
				ENABLE_TESTABILITY = YES;
				GCC_C_LANGUAGE_STANDARD = gnu11;
				GCC_DYNAMIC_NO_PIC = NO;
				GCC_NO_COMMON_BLOCKS = YES;
				GCC_OPTIMIZATION_LEVEL = 0;
				GCC_PREPROCESSOR_DEFINITIONS = (
					"DEBUG=1",
					"$(inherited)",
				);
				GCC_WARN_64_TO_32_BIT_CONVERSION = YES;
				GCC_WARN_ABOUT_RETURN_TYPE = YES_ERROR;
				GCC_WARN_UNDECLARED_SELECTOR = YES;
				GCC_WARN_UNINITIALIZED_AUTOS = YES_AGGRESSIVE;
				GCC_WARN_UNUSED_FUNCTION = YES;
				GCC_WARN_UNUSED_VARIABLE = YES;
				IPHONEOS_DEPLOYMENT_TARGET = 14.3;
				MTL_ENABLE_DEBUG_INFO = INCLUDE_SOURCE;
				MTL_FAST_MATH = YES;
				ONLY_ACTIVE_ARCH = YES;
				SDKROOT = iphoneos;
				SWIFT_ACTIVE_COMPILATION_CONDITIONS = DEBUG;
				SWIFT_OPTIMIZATION_LEVEL = "-Onone";
			};
			name = Debug;
		};
		1A62C03B2597D794005EB9F2 /* Release */ = {
			isa = XCBuildConfiguration;
			buildSettings = {
				ALWAYS_SEARCH_USER_PATHS = NO;
				CLANG_ANALYZER_NONNULL = YES;
				CLANG_ANALYZER_NUMBER_OBJECT_CONVERSION = YES_AGGRESSIVE;
				CLANG_CXX_LANGUAGE_STANDARD = "gnu++14";
				CLANG_CXX_LIBRARY = "libc++";
				CLANG_ENABLE_MODULES = YES;
				CLANG_ENABLE_OBJC_ARC = YES;
				CLANG_ENABLE_OBJC_WEAK = YES;
				CLANG_WARN_BLOCK_CAPTURE_AUTORELEASING = YES;
				CLANG_WARN_BOOL_CONVERSION = YES;
				CLANG_WARN_COMMA = YES;
				CLANG_WARN_CONSTANT_CONVERSION = YES;
				CLANG_WARN_DEPRECATED_OBJC_IMPLEMENTATIONS = YES;
				CLANG_WARN_DIRECT_OBJC_ISA_USAGE = YES_ERROR;
				CLANG_WARN_DOCUMENTATION_COMMENTS = YES;
				CLANG_WARN_EMPTY_BODY = YES;
				CLANG_WARN_ENUM_CONVERSION = YES;
				CLANG_WARN_INFINITE_RECURSION = YES;
				CLANG_WARN_INT_CONVERSION = YES;
				CLANG_WARN_NON_LITERAL_NULL_CONVERSION = YES;
				CLANG_WARN_OBJC_IMPLICIT_RETAIN_SELF = YES;
				CLANG_WARN_OBJC_LITERAL_CONVERSION = YES;
				CLANG_WARN_OBJC_ROOT_CLASS = YES_ERROR;
				CLANG_WARN_QUOTED_INCLUDE_IN_FRAMEWORK_HEADER = YES;
				CLANG_WARN_RANGE_LOOP_ANALYSIS = YES;
				CLANG_WARN_STRICT_PROTOTYPES = YES;
				CLANG_WARN_SUSPICIOUS_MOVE = YES;
				CLANG_WARN_UNGUARDED_AVAILABILITY = YES_AGGRESSIVE;
				CLANG_WARN_UNREACHABLE_CODE = YES;
				CLANG_WARN__DUPLICATE_METHOD_MATCH = YES;
				COPY_PHASE_STRIP = NO;
				DEBUG_INFORMATION_FORMAT = "dwarf-with-dsym";
				ENABLE_NS_ASSERTIONS = NO;
				ENABLE_STRICT_OBJC_MSGSEND = YES;
				GCC_C_LANGUAGE_STANDARD = gnu11;
				GCC_NO_COMMON_BLOCKS = YES;
				GCC_WARN_64_TO_32_BIT_CONVERSION = YES;
				GCC_WARN_ABOUT_RETURN_TYPE = YES_ERROR;
				GCC_WARN_UNDECLARED_SELECTOR = YES;
				GCC_WARN_UNINITIALIZED_AUTOS = YES_AGGRESSIVE;
				GCC_WARN_UNUSED_FUNCTION = YES;
				GCC_WARN_UNUSED_VARIABLE = YES;
				IPHONEOS_DEPLOYMENT_TARGET = 14.3;
				MTL_ENABLE_DEBUG_INFO = NO;
				MTL_FAST_MATH = YES;
				SDKROOT = iphoneos;
				SWIFT_COMPILATION_MODE = wholemodule;
				SWIFT_OPTIMIZATION_LEVEL = "-O";
				VALIDATE_PRODUCT = YES;
			};
			name = Release;
		};
		1A62C03D2597D794005EB9F2 /* Debug */ = {
			isa = XCBuildConfiguration;
			buildSettings = {
				ASSETCATALOG_COMPILER_APPICON_NAME = AppIcon;
				ASSETCATALOG_COMPILER_GLOBAL_ACCENT_COLOR_NAME = AccentColor;
				CODE_SIGN_STYLE = Automatic;
				DEVELOPMENT_ASSET_PATHS = "\"Xcode Tester/Preview Content\"";
				ENABLE_PREVIEWS = YES;
				INFOPLIST_FILE = "Xcode Tester/Info.plist";
				IPHONEOS_DEPLOYMENT_TARGET = 14.0;
				LD_RUNPATH_SEARCH_PATHS = (
					"$(inherited)",
					"@executable_path/Frameworks",
				);
				PRODUCT_BUNDLE_IDENTIFIER = "eeeeee.Xcode-Tester";
				PRODUCT_NAME = "$(TARGET_NAME)";
				SWIFT_VERSION = 5.0;
				TARGETED_DEVICE_FAMILY = "1,2";
			};
			name = Debug;
		};
		1A62C03E2597D794005EB9F2 /* Release */ = {
			isa = XCBuildConfiguration;
			buildSettings = {
				ASSETCATALOG_COMPILER_APPICON_NAME = AppIcon;
				ASSETCATALOG_COMPILER_GLOBAL_ACCENT_COLOR_NAME = AccentColor;
				CODE_SIGN_STYLE = Automatic;
				DEVELOPMENT_ASSET_PATHS = "\"Xcode Tester/Preview Content\"";
				ENABLE_PREVIEWS = YES;
				INFOPLIST_FILE = "Xcode Tester/Info.plist";
				IPHONEOS_DEPLOYMENT_TARGET = 14.0;
				LD_RUNPATH_SEARCH_PATHS = (
					"$(inherited)",
					"@executable_path/Frameworks",
				);
				PRODUCT_BUNDLE_IDENTIFIER = "eeeeee.Xcode-Tester";
				PRODUCT_NAME = "$(TARGET_NAME)";
				SWIFT_VERSION = 5.0;
				TARGETED_DEVICE_FAMILY = "1,2";
			};
			name = Release;
		};
		1A62C0402597D794005EB9F2 /* Debug */ = {
			isa = XCBuildConfiguration;
			buildSettings = {
				ALWAYS_EMBED_SWIFT_STANDARD_LIBRARIES = YES;
				BUNDLE_LOADER = "$(TEST_HOST)";
				CODE_SIGN_STYLE = Automatic;
				INFOPLIST_FILE = "Xcode TesterTests/Info.plist";
				IPHONEOS_DEPLOYMENT_TARGET = 14.0;
				LD_RUNPATH_SEARCH_PATHS = (
					"$(inherited)",
					"@executable_path/Frameworks",
					"@loader_path/Frameworks",
				);
				PRODUCT_BUNDLE_IDENTIFIER = "eeeeee.Xcode-TesterTests";
				PRODUCT_NAME = "$(TARGET_NAME)";
				SWIFT_VERSION = 5.0;
				TARGETED_DEVICE_FAMILY = "1,2";
				TEST_HOST = "$(BUILT_PRODUCTS_DIR)/Xcode Tester.app/Xcode Tester";
			};
			name = Debug;
		};
		1A62C0412597D794005EB9F2 /* Release */ = {
			isa = XCBuildConfiguration;
			buildSettings = {
				ALWAYS_EMBED_SWIFT_STANDARD_LIBRARIES = YES;
				BUNDLE_LOADER = "$(TEST_HOST)";
				CODE_SIGN_STYLE = Automatic;
				INFOPLIST_FILE = "Xcode TesterTests/Info.plist";
				IPHONEOS_DEPLOYMENT_TARGET = 14.0;
				LD_RUNPATH_SEARCH_PATHS = (
					"$(inherited)",
					"@executable_path/Frameworks",
					"@loader_path/Frameworks",
				);
				PRODUCT_BUNDLE_IDENTIFIER = "eeeeee.Xcode-TesterTests";
				PRODUCT_NAME = "$(TARGET_NAME)";
				SWIFT_VERSION = 5.0;
				TARGETED_DEVICE_FAMILY = "1,2";
				TEST_HOST = "$(BUILT_PRODUCTS_DIR)/Xcode Tester.app/Xcode Tester";
			};
			name = Release;
		};
		1A62C0432597D794005EB9F2 /* Debug */ = {
			isa = XCBuildConfiguration;
			buildSettings = {
				ALWAYS_EMBED_SWIFT_STANDARD_LIBRARIES = YES;
				CODE_SIGN_STYLE = Automatic;
				INFOPLIST_FILE = "Xcode TesterUITests/Info.plist";
				LD_RUNPATH_SEARCH_PATHS = (
					"$(inherited)",
					"@executable_path/Frameworks",
					"@loader_path/Frameworks",
				);
				PRODUCT_BUNDLE_IDENTIFIER = "eeeeee.Xcode-TesterUITests";
				PRODUCT_NAME = "$(TARGET_NAME)";
				SWIFT_VERSION = 5.0;
				TARGETED_DEVICE_FAMILY = "1,2";
				TEST_TARGET_NAME = "Xcode Tester";
			};
			name = Debug;
		};
		1A62C0442597D794005EB9F2 /* Release */ = {
			isa = XCBuildConfiguration;
			buildSettings = {
				ALWAYS_EMBED_SWIFT_STANDARD_LIBRARIES = YES;
				CODE_SIGN_STYLE = Automatic;
				INFOPLIST_FILE = "Xcode TesterUITests/Info.plist";
				LD_RUNPATH_SEARCH_PATHS = (
					"$(inherited)",
					"@executable_path/Frameworks",
					"@loader_path/Frameworks",
				);
				PRODUCT_BUNDLE_IDENTIFIER = "eeeeee.Xcode-TesterUITests";
				PRODUCT_NAME = "$(TARGET_NAME)";
				SWIFT_VERSION = 5.0;
				TARGETED_DEVICE_FAMILY = "1,2";
				TEST_TARGET_NAME = "Xcode Tester";
			};
			name = Release;
		};
/* End XCBuildConfiguration section */

/* Begin XCConfigurationList section */
		1A62C0122597D793005EB9F2 /* Build configuration list for PBXProject "Xcode Tester" */ = {
			isa = XCConfigurationList;
			buildConfigurations = (
				1A62C03A2597D794005EB9F2 /* Debug */,
				1A62C03B2597D794005EB9F2 /* Release */,
			);
			defaultConfigurationIsVisible = 0;
			defaultConfigurationName = Release;
		};
		1A62C03C2597D794005EB9F2 /* Build configuration list for PBXNativeTarget "Xcode Tester" */ = {
			isa = XCConfigurationList;
			buildConfigurations = (
				1A62C03D2597D794005EB9F2 /* Debug */,
				1A62C03E2597D794005EB9F2 /* Release */,
			);
			defaultConfigurationIsVisible = 0;
			defaultConfigurationName = Release;
		};
		1A62C03F2597D794005EB9F2 /* Build configuration list for PBXNativeTarget "Xcode TesterTests" */ = {
			isa = XCConfigurationList;
			buildConfigurations = (
				1A62C0402597D794005EB9F2 /* Debug */,
				1A62C0412597D794005EB9F2 /* Release */,
			);
			defaultConfigurationIsVisible = 0;
			defaultConfigurationName = Release;
		};
		1A62C0422597D794005EB9F2 /* Build configuration list for PBXNativeTarget "Xcode TesterUITests" */ = {
			isa = XCConfigurationList;
			buildConfigurations = (
				1A62C0432597D794005EB9F2 /* Debug */,
				1A62C0442597D794005EB9F2 /* Release */,
			);
			defaultConfigurationIsVisible = 0;
			defaultConfigurationName = Release;
		};
/* End XCConfigurationList section */
	};
	rootObject = 1A62C00F2597D793005EB9F2 /* Project object */;
}
